
Microsoft Visual Studio Solution File, Format Version 12.00
# Visual Studio Version 16
VisualStudioVersion = 16.0.29215.179
MinimumVisualStudioVersion = 10.0.40219.1
Project("{FAE04EC0-301F-11D3-BF4B-00C04F79EFBC}") = "Problem7KnightGame", "Problem7KnightGame\Problem7KnightGame.csproj", "{A05C8EE4-6BF0-4180-8799-FF194735CE13}"
EndProject
Global
	GlobalSection(SolutionConfigurationPlatforms) = preSolution
		Debug|Any CPU = Debug|Any CPU
		Release|Any CPU = Release|Any CPU
	EndGlobalSection
	GlobalSection(ProjectConfigurationPlatforms) = postSolution
		{A05C8EE4-6BF0-4180-8799-FF194735CE13}.Debug|Any CPU.ActiveCfg = Debug|Any CPU
		{A05C8EE4-6BF0-4180-8799-FF194735CE13}.Debug|Any CPU.Build.0 = Debug|Any CPU
		{A05C8EE4-6BF0-4180-8799-FF194735CE13}.Release|Any CPU.ActiveCfg = Release|Any CPU
		{A05C8EE4-6BF0-4180-8799-FF194735CE13}.Release|Any CPU.Build.0 = Release|Any CPU
	EndGlobalSection
	GlobalSection(SolutionProperties) = preSolution
		HideSolutionNode = FALSE
	EndGlobalSection
	GlobalSection(ExtensibilityGlobals) = postSolution
		SolutionGuid = {B1FE927B-DA72-48E4-8FC2-B95A84A9EA8F}
	EndGlobalSection
EndGlobal
