
Microsoft Visual Studio Solution File, Format Version 12.00
# Visual Studio Version 16
VisualStudioVersion = 16.0.29215.179
MinimumVisualStudioVersion = 10.0.40219.1
Project("{FAE04EC0-301F-11D3-BF4B-00C04F79EFBC}") = "Problem4MatrixShuffling", "Problem4MatrixShuffling\Problem4MatrixShuffling.csproj", "{C23EE550-19CE-4B44-B299-91E97E42C543}"
EndProject
Global
	GlobalSection(SolutionConfigurationPlatforms) = preSolution
		Debug|Any CPU = Debug|Any CPU
		Release|Any CPU = Release|Any CPU
	EndGlobalSection
	GlobalSection(ProjectConfigurationPlatforms) = postSolution
		{C23EE550-19CE-4B44-B299-91E97E42C543}.Debug|Any CPU.ActiveCfg = Debug|Any CPU
		{C23EE550-19CE-4B44-B299-91E97E42C543}.Debug|Any CPU.Build.0 = Debug|Any CPU
		{C23EE550-19CE-4B44-B299-91E97E42C543}.Release|Any CPU.ActiveCfg = Release|Any CPU
		{C23EE550-19CE-4B44-B299-91E97E42C543}.Release|Any CPU.Build.0 = Release|Any CPU
	EndGlobalSection
	GlobalSection(SolutionProperties) = preSolution
		HideSolutionNode = FALSE
	EndGlobalSection
	GlobalSection(ExtensibilityGlobals) = postSolution
		SolutionGuid = {6C7BB845-E359-43BF-8F94-85D88DD834A3}
	EndGlobalSection
EndGlobal
