
Microsoft Visual Studio Solution File, Format Version 12.00
# Visual Studio Version 16
VisualStudioVersion = 16.0.29215.179
MinimumVisualStudioVersion = 10.0.40219.1
Project("{FAE04EC0-301F-11D3-BF4B-00C04F79EFBC}") = "(Demo)CSharpAdvancedExam23October2019", "(Demo)CSharpAdvancedExam23October2019\(Demo)CSharpAdvancedExam23October2019.csproj", "{5BBE6162-F583-4B69-93A6-3B8AD1099EE8}"
EndProject
Project("{FAE04EC0-301F-11D3-BF4B-00C04F79EFBC}") = "Problem02MakeASalad", "Problem02MakeASalad\Problem02MakeASalad.csproj", "{92BA7242-3CBC-46B9-8338-EAFC8BB8BCB9}"
EndProject
Global
	GlobalSection(SolutionConfigurationPlatforms) = preSolution
		Debug|Any CPU = Debug|Any CPU
		Release|Any CPU = Release|Any CPU
	EndGlobalSection
	GlobalSection(ProjectConfigurationPlatforms) = postSolution
		{5BBE6162-F583-4B69-93A6-3B8AD1099EE8}.Debug|Any CPU.ActiveCfg = Debug|Any CPU
		{5BBE6162-F583-4B69-93A6-3B8AD1099EE8}.Debug|Any CPU.Build.0 = Debug|Any CPU
		{5BBE6162-F583-4B69-93A6-3B8AD1099EE8}.Release|Any CPU.ActiveCfg = Release|Any CPU
		{5BBE6162-F583-4B69-93A6-3B8AD1099EE8}.Release|Any CPU.Build.0 = Release|Any CPU
		{92BA7242-3CBC-46B9-8338-EAFC8BB8BCB9}.Debug|Any CPU.ActiveCfg = Debug|Any CPU
		{92BA7242-3CBC-46B9-8338-EAFC8BB8BCB9}.Debug|Any CPU.Build.0 = Debug|Any CPU
		{92BA7242-3CBC-46B9-8338-EAFC8BB8BCB9}.Release|Any CPU.ActiveCfg = Release|Any CPU
		{92BA7242-3CBC-46B9-8338-EAFC8BB8BCB9}.Release|Any CPU.Build.0 = Release|Any CPU
	EndGlobalSection
	GlobalSection(SolutionProperties) = preSolution
		HideSolutionNode = FALSE
	EndGlobalSection
	GlobalSection(ExtensibilityGlobals) = postSolution
		SolutionGuid = {C318BB6C-EBC1-46A4-8CCC-119790D3D243}
	EndGlobalSection
EndGlobal
