
Microsoft Visual Studio Solution File, Format Version 12.00
# Visual Studio Version 16
VisualStudioVersion = 16.0.29215.179
MinimumVisualStudioVersion = 10.0.40219.1
Project("{FAE04EC0-301F-11D3-BF4B-00C04F79EFBC}") = "Problem8.BalancedParentheses", "Problem7.TruckTour\Problem8.BalancedParentheses.csproj", "{9BEB96A8-B5E5-4F3A-A0EC-B859B8699670}"
EndProject
Global
	GlobalSection(SolutionConfigurationPlatforms) = preSolution
		Debug|Any CPU = Debug|Any CPU
		Release|Any CPU = Release|Any CPU
	EndGlobalSection
	GlobalSection(ProjectConfigurationPlatforms) = postSolution
		{9BEB96A8-B5E5-4F3A-A0EC-B859B8699670}.Debug|Any CPU.ActiveCfg = Debug|Any CPU
		{9BEB96A8-B5E5-4F3A-A0EC-B859B8699670}.Debug|Any CPU.Build.0 = Debug|Any CPU
		{9BEB96A8-B5E5-4F3A-A0EC-B859B8699670}.Release|Any CPU.ActiveCfg = Release|Any CPU
		{9BEB96A8-B5E5-4F3A-A0EC-B859B8699670}.Release|Any CPU.Build.0 = Release|Any CPU
	EndGlobalSection
	GlobalSection(SolutionProperties) = preSolution
		HideSolutionNode = FALSE
	EndGlobalSection
	GlobalSection(ExtensibilityGlobals) = postSolution
		SolutionGuid = {34A126ED-DA62-46A8-A77C-2C238D3A4F82}
	EndGlobalSection
EndGlobal
