
Microsoft Visual Studio Solution File, Format Version 12.00
# Visual Studio Version 16
VisualStudioVersion = 16.0.30002.166
MinimumVisualStudioVersion = 10.0.40219.1
Project("{FAE04EC0-301F-11D3-BF4B-00C04F79EFBC}") = "Problem03ShoppingSpree", "Problem03ShoppingSpree\Problem03ShoppingSpree.csproj", "{701CA285-38D7-4C09-A76B-C417288ACDD5}"
EndProject
Global
	GlobalSection(SolutionConfigurationPlatforms) = preSolution
		Debug|Any CPU = Debug|Any CPU
		Release|Any CPU = Release|Any CPU
	EndGlobalSection
	GlobalSection(ProjectConfigurationPlatforms) = postSolution
		{701CA285-38D7-4C09-A76B-C417288ACDD5}.Debug|Any CPU.ActiveCfg = Debug|Any CPU
		{701CA285-38D7-4C09-A76B-C417288ACDD5}.Debug|Any CPU.Build.0 = Debug|Any CPU
		{701CA285-38D7-4C09-A76B-C417288ACDD5}.Release|Any CPU.ActiveCfg = Release|Any CPU
		{701CA285-38D7-4C09-A76B-C417288ACDD5}.Release|Any CPU.Build.0 = Release|Any CPU
	EndGlobalSection
	GlobalSection(SolutionProperties) = preSolution
		HideSolutionNode = FALSE
	EndGlobalSection
	GlobalSection(ExtensibilityGlobals) = postSolution
		SolutionGuid = {782A8726-3798-4DF1-8A15-A82660DC4B7A}
	EndGlobalSection
EndGlobal
