
Microsoft Visual Studio Solution File, Format Version 12.00
# Visual Studio Version 16
VisualStudioVersion = 16.0.29215.179
MinimumVisualStudioVersion = 10.0.40219.1
Project("{FAE04EC0-301F-11D3-BF4B-00C04F79EFBC}") = "Problem8Threeuple", "Problem8Threeuple\Problem8Threeuple.csproj", "{DA376D28-DC5E-400F-A118-CB7E34F688B9}"
EndProject
Global
	GlobalSection(SolutionConfigurationPlatforms) = preSolution
		Debug|Any CPU = Debug|Any CPU
		Release|Any CPU = Release|Any CPU
	EndGlobalSection
	GlobalSection(ProjectConfigurationPlatforms) = postSolution
		{DA376D28-DC5E-400F-A118-CB7E34F688B9}.Debug|Any CPU.ActiveCfg = Debug|Any CPU
		{DA376D28-DC5E-400F-A118-CB7E34F688B9}.Debug|Any CPU.Build.0 = Debug|Any CPU
		{DA376D28-DC5E-400F-A118-CB7E34F688B9}.Release|Any CPU.ActiveCfg = Release|Any CPU
		{DA376D28-DC5E-400F-A118-CB7E34F688B9}.Release|Any CPU.Build.0 = Release|Any CPU
	EndGlobalSection
	GlobalSection(SolutionProperties) = preSolution
		HideSolutionNode = FALSE
	EndGlobalSection
	GlobalSection(ExtensibilityGlobals) = postSolution
		SolutionGuid = {0D21546D-DBA9-4467-895F-F1B5BCDE5364}
	EndGlobalSection
EndGlobal
