
Microsoft Visual Studio Solution File, Format Version 12.00
# Visual Studio Version 16
VisualStudioVersion = 16.0.29215.179
MinimumVisualStudioVersion = 10.0.40219.1
Project("{FAE04EC0-301F-11D3-BF4B-00C04F79EFBC}") = "Problem8CarSalesman", "Problem8CarSalesman\Problem8CarSalesman.csproj", "{9631ACB8-B589-44B5-B030-6CBFAC1334DA}"
EndProject
Global
	GlobalSection(SolutionConfigurationPlatforms) = preSolution
		Debug|Any CPU = Debug|Any CPU
		Release|Any CPU = Release|Any CPU
	EndGlobalSection
	GlobalSection(ProjectConfigurationPlatforms) = postSolution
		{9631ACB8-B589-44B5-B030-6CBFAC1334DA}.Debug|Any CPU.ActiveCfg = Debug|Any CPU
		{9631ACB8-B589-44B5-B030-6CBFAC1334DA}.Debug|Any CPU.Build.0 = Debug|Any CPU
		{9631ACB8-B589-44B5-B030-6CBFAC1334DA}.Release|Any CPU.ActiveCfg = Release|Any CPU
		{9631ACB8-B589-44B5-B030-6CBFAC1334DA}.Release|Any CPU.Build.0 = Release|Any CPU
	EndGlobalSection
	GlobalSection(SolutionProperties) = preSolution
		HideSolutionNode = FALSE
	EndGlobalSection
	GlobalSection(ExtensibilityGlobals) = postSolution
		SolutionGuid = {0BADBF59-23C1-4E92-9641-890244857CC1}
	EndGlobalSection
EndGlobal
