
Microsoft Visual Studio Solution File, Format Version 12.00
# Visual Studio Version 16
VisualStudioVersion = 16.0.29215.179
MinimumVisualStudioVersion = 10.0.40219.1
Project("{FAE04EC0-301F-11D3-BF4B-00C04F79EFBC}") = "Problem10PredicateParty!", "Problem10PredicateParty!\Problem10PredicateParty!.csproj", "{7ADA29E6-EAA3-420C-87FB-F032EA6A6027}"
EndProject
Global
	GlobalSection(SolutionConfigurationPlatforms) = preSolution
		Debug|Any CPU = Debug|Any CPU
		Release|Any CPU = Release|Any CPU
	EndGlobalSection
	GlobalSection(ProjectConfigurationPlatforms) = postSolution
		{7ADA29E6-EAA3-420C-87FB-F032EA6A6027}.Debug|Any CPU.ActiveCfg = Debug|Any CPU
		{7ADA29E6-EAA3-420C-87FB-F032EA6A6027}.Debug|Any CPU.Build.0 = Debug|Any CPU
		{7ADA29E6-EAA3-420C-87FB-F032EA6A6027}.Release|Any CPU.ActiveCfg = Release|Any CPU
		{7ADA29E6-EAA3-420C-87FB-F032EA6A6027}.Release|Any CPU.Build.0 = Release|Any CPU
	EndGlobalSection
	GlobalSection(SolutionProperties) = preSolution
		HideSolutionNode = FALSE
	EndGlobalSection
	GlobalSection(ExtensibilityGlobals) = postSolution
		SolutionGuid = {9956C6C5-44F9-499F-9433-7C84A0E0AD14}
	EndGlobalSection
EndGlobal
